
Microsoft Visual Studio Solution File, Format Version 12.00
# Visual Studio Version 17
VisualStudioVersion = 17.0.31919.166
MinimumVisualStudioVersion = 10.0.40219.1
Project("{8BC9CEB8-8B4A-11D0-8D11-00A0C91BC942}") = "LearningCpp", "LearningCpp\LearningCpp.vcxproj", "{A48AF8A2-FD6D-4382-912D-299226C16572}"
EndProject
Project("{8BC9CEB8-8B4A-11D0-8D11-00A0C91BC942}") = "ImageStudio", "ImageStudio\ImageStudio.vcxproj", "{7952B100-3CDE-4A2B-A7BC-F89AA38A6F18}"
EndProject
Project("{8BC9CEB8-8B4A-11D0-8D11-00A0C91BC942}") = "LearningBoost", "LearningBoost\LearningBoost.vcxproj", "{4FD937D7-98EF-46BE-9F62-5B17EB5AA843}"
EndProject
Project("{8BC9CEB8-8B4A-11D0-8D11-00A0C91BC942}") = "LearningNetwork", "LearningNetwork\LearningNetwork.vcxproj", "{90E9A2B4-730B-4339-929F-1A73CA0D01C3}"
EndProject
Project("{9A19103F-16F7-4668-BE54-9A1E7A4F7556}") = "DevicePortCommunicationClient", "DevicePortCommunicationClient\DevicePortCommunicationClient.csproj", "{5A5F9F90-109A-4E39-9308-E331EDE39E00}"
EndProject
Project("{8BC9CEB8-8B4A-11D0-8D11-00A0C91BC942}") = "LearningASIO", "LearningASIO\LearningASIO.vcxproj", "{51DD8371-8B06-4BC3-B5D6-1BC21B54E9C2}"
EndProject
Project("{9A19103F-16F7-4668-BE54-9A1E7A4F7556}") = "ArtificialIntelligenceStudioClient", "ArtificialIntelligenceStudioClient\ArtificialIntelligenceStudioClient.csproj", "{5A6372FE-AD6E-40B3-850B-1AFA76CBA0AB}"
EndProject
Project("{9A19103F-16F7-4668-BE54-9A1E7A4F7556}") = "ArtificialIntelligenceStudioClient.Core", "ArtificialIntelligenceStudioClient.Core\ArtificialIntelligenceStudioClient.Core.csproj", "{C97EC935-CF90-4073-B30F-65344388D912}"
EndProject
Project("{9A19103F-16F7-4668-BE54-9A1E7A4F7556}") = "ArtificialIntelligenceStudioClient.Services", "ArtificialIntelligenceStudioClient.Services\ArtificialIntelligenceStudioClient.Services.csproj", "{D765B4CD-D9C7-4DC8-9E5C-8299B38993B0}"
EndProject
Project("{9A19103F-16F7-4668-BE54-9A1E7A4F7556}") = "PythonExam", "PythonExam\PythonExam.csproj", "{85DA266D-0F27-4EAC-BC86-E6BBF6CB0CA1}"
EndProject
Project("{9A19103F-16F7-4668-BE54-9A1E7A4F7556}") = "AIStudioClient.Modules.TorchPlatform", "AIStudioClient.Modules.TorchPlatform\AIStudioClient.Modules.TorchPlatform.csproj", "{2651D9E8-9C18-43FB-850D-422406C6046B}"
EndProject
Project("{9A19103F-16F7-4668-BE54-9A1E7A4F7556}") = "AIStudioClient.Modules.ImageAnnotation", "AIStudioClient.Modules.ImageAnnotation\AIStudioClient.Modules.ImageAnnotation.csproj", "{3A769AC6-DCEB-4FBD-8BFE-06142C22CC4C}"
EndProject
Project("{9A19103F-16F7-4668-BE54-9A1E7A4F7556}") = "Taiji.Utils", "Taiji.Utils\Taiji.Utils.csproj", "{D38A3E39-2A19-4C6A-9222-AF0006344099}"
EndProject
Project("{2150E333-8FDC-42A3-9474-1A3956D46DE8}") = "StudyNet6", "StudyNet6", "{9C63B869-656A-410C-B380-225213611AB8}"
EndProject
Project("{9A19103F-16F7-4668-BE54-9A1E7A4F7556}") = "Client01", "Client01\Client01.csproj", "{133FAC82-FE5A-4758-93B6-7CFE3DFF15F8}"
EndProject
Project("{9A19103F-16F7-4668-BE54-9A1E7A4F7556}") = "Proto01", "Proto01\Proto01.csproj", "{3026D3AC-EE78-48AD-BD42-1F4647308A04}"
EndProject
Project("{9A19103F-16F7-4668-BE54-9A1E7A4F7556}") = "Server01", "Server01\Server01.csproj", "{47211F24-D0A0-4FBB-B9DC-1FDAD1E1540A}"
EndProject
Project("{9A19103F-16F7-4668-BE54-9A1E7A4F7556}") = "BookStudio", "BookStudio\BookStudio.csproj", "{84F0AB76-8D0D-43AC-995F-71B65D361183}"
EndProject
Project("{9A19103F-16F7-4668-BE54-9A1E7A4F7556}") = "Algs4", "Algs4\Algs4.csproj", "{235DDA77-039B-4425-B2C9-F8F4364C066D}"
EndProject
Project("{9A19103F-16F7-4668-BE54-9A1E7A4F7556}") = "Architecture.Models", "Architecture.Models\Architecture.Models.csproj", "{C839B2B3-345B-4B4F-9B75-7048A2C9AA90}"
EndProject
Project("{9A19103F-16F7-4668-BE54-9A1E7A4F7556}") = "Architecture.DAL", "Architecture.DAL\Architecture.DAL.csproj", "{38805817-A2CF-420D-B84A-BF9F27DD0B1A}"
EndProject
Project("{9A19103F-16F7-4668-BE54-9A1E7A4F7556}") = "SpiderClient", "SpiderClient\SpiderClient.csproj", "{4DFE2929-D3E0-4E4E-8720-17DAB07B070A}"
EndProject
Project("{2150E333-8FDC-42A3-9474-1A3956D46DE8}") = "Caviar", "Caviar", "{4294362B-56D1-4954-82C8-8C496CBA3420}"
EndProject
Project("{9A19103F-16F7-4668-BE54-9A1E7A4F7556}") = "Caviar.AntDesignUI", "Caviar.AntDesignUI\Caviar.AntDesignUI.csproj", "{0B9D93D3-A3E2-4D26-AA3F-817F21C8F7BB}"
EndProject
Project("{9A19103F-16F7-4668-BE54-9A1E7A4F7556}") = "Caviar.Core", "Caviar.Core\Caviar.Core.csproj", "{2C102959-ADB7-4B13-B5D4-1F0308971586}"
EndProject
Project("{9A19103F-16F7-4668-BE54-9A1E7A4F7556}") = "Caviar.Infrastructure", "Caviar.Infrastructure\Caviar.Infrastructure.csproj", "{F1727428-7128-452A-A915-231AE8995709}"
EndProject
Project("{9A19103F-16F7-4668-BE54-9A1E7A4F7556}") = "Caviar.SharedKernel", "Caviar.SharedKernel\Caviar.SharedKernel.csproj", "{07E78D27-C49B-4876-B135-634058F6C7F5}"
EndProject
Project("{2150E333-8FDC-42A3-9474-1A3956D46DE8}") = "Architecture", "Architecture", "{A1DB8F58-D4F7-4568-AAB5-F8627009AE07}"
EndProject
Project("{FAE04EC0-301F-11D3-BF4B-00C04F79EFBC}") = "Architecture.Web", "Architecture.Web\Architecture.Web.csproj", "{1C87642D-7D1A-4DF2-9D08-255ED253D0C6}"
EndProject
Global
	GlobalSection(SolutionConfigurationPlatforms) = preSolution
		Debug|Any CPU = Debug|Any CPU
		Debug|x64 = Debug|x64
		Debug|x86 = Debug|x86
		Release|Any CPU = Release|Any CPU
		Release|x64 = Release|x64
		Release|x86 = Release|x86
	EndGlobalSection
	GlobalSection(ProjectConfigurationPlatforms) = postSolution
		{A48AF8A2-FD6D-4382-912D-299226C16572}.Debug|Any CPU.ActiveCfg = Debug|x64
		{A48AF8A2-FD6D-4382-912D-299226C16572}.Debug|x64.ActiveCfg = Debug|x64
		{A48AF8A2-FD6D-4382-912D-299226C16572}.Debug|x64.Build.0 = Debug|x64
		{A48AF8A2-FD6D-4382-912D-299226C16572}.Debug|x86.ActiveCfg = Debug|Win32
		{A48AF8A2-FD6D-4382-912D-299226C16572}.Debug|x86.Build.0 = Debug|Win32
		{A48AF8A2-FD6D-4382-912D-299226C16572}.Release|Any CPU.ActiveCfg = Release|Win32
		{A48AF8A2-FD6D-4382-912D-299226C16572}.Release|x64.ActiveCfg = Release|x64
		{A48AF8A2-FD6D-4382-912D-299226C16572}.Release|x64.Build.0 = Release|x64
		{A48AF8A2-FD6D-4382-912D-299226C16572}.Release|x86.ActiveCfg = Release|Win32
		{A48AF8A2-FD6D-4382-912D-299226C16572}.Release|x86.Build.0 = Release|Win32
		{7952B100-3CDE-4A2B-A7BC-F89AA38A6F18}.Debug|Any CPU.ActiveCfg = Debug|x64
		{7952B100-3CDE-4A2B-A7BC-F89AA38A6F18}.Debug|x64.ActiveCfg = Debug|x64
		{7952B100-3CDE-4A2B-A7BC-F89AA38A6F18}.Debug|x64.Build.0 = Debug|x64
		{7952B100-3CDE-4A2B-A7BC-F89AA38A6F18}.Debug|x86.ActiveCfg = Debug|Win32
		{7952B100-3CDE-4A2B-A7BC-F89AA38A6F18}.Debug|x86.Build.0 = Debug|Win32
		{7952B100-3CDE-4A2B-A7BC-F89AA38A6F18}.Release|Any CPU.ActiveCfg = Release|Win32
		{7952B100-3CDE-4A2B-A7BC-F89AA38A6F18}.Release|x64.ActiveCfg = Release|x64
		{7952B100-3CDE-4A2B-A7BC-F89AA38A6F18}.Release|x64.Build.0 = Release|x64
		{7952B100-3CDE-4A2B-A7BC-F89AA38A6F18}.Release|x86.ActiveCfg = Release|Win32
		{7952B100-3CDE-4A2B-A7BC-F89AA38A6F18}.Release|x86.Build.0 = Release|Win32
		{4FD937D7-98EF-46BE-9F62-5B17EB5AA843}.Debug|Any CPU.ActiveCfg = Debug|x64
		{4FD937D7-98EF-46BE-9F62-5B17EB5AA843}.Debug|x64.ActiveCfg = Debug|x64
		{4FD937D7-98EF-46BE-9F62-5B17EB5AA843}.Debug|x64.Build.0 = Debug|x64
		{4FD937D7-98EF-46BE-9F62-5B17EB5AA843}.Debug|x86.ActiveCfg = Debug|Win32
		{4FD937D7-98EF-46BE-9F62-5B17EB5AA843}.Debug|x86.Build.0 = Debug|Win32
		{4FD937D7-98EF-46BE-9F62-5B17EB5AA843}.Release|Any CPU.ActiveCfg = Release|Win32
		{4FD937D7-98EF-46BE-9F62-5B17EB5AA843}.Release|x64.ActiveCfg = Release|x64
		{4FD937D7-98EF-46BE-9F62-5B17EB5AA843}.Release|x64.Build.0 = Release|x64
		{4FD937D7-98EF-46BE-9F62-5B17EB5AA843}.Release|x86.ActiveCfg = Release|Win32
		{4FD937D7-98EF-46BE-9F62-5B17EB5AA843}.Release|x86.Build.0 = Release|Win32
		{90E9A2B4-730B-4339-929F-1A73CA0D01C3}.Debug|Any CPU.ActiveCfg = Debug|x64
		{90E9A2B4-730B-4339-929F-1A73CA0D01C3}.Debug|x64.ActiveCfg = Debug|x64
		{90E9A2B4-730B-4339-929F-1A73CA0D01C3}.Debug|x64.Build.0 = Debug|x64
		{90E9A2B4-730B-4339-929F-1A73CA0D01C3}.Debug|x86.ActiveCfg = Debug|Win32
		{90E9A2B4-730B-4339-929F-1A73CA0D01C3}.Debug|x86.Build.0 = Debug|Win32
		{90E9A2B4-730B-4339-929F-1A73CA0D01C3}.Release|Any CPU.ActiveCfg = Release|Win32
		{90E9A2B4-730B-4339-929F-1A73CA0D01C3}.Release|x64.ActiveCfg = Release|x64
		{90E9A2B4-730B-4339-929F-1A73CA0D01C3}.Release|x64.Build.0 = Release|x64
		{90E9A2B4-730B-4339-929F-1A73CA0D01C3}.Release|x86.ActiveCfg = Release|Win32
		{90E9A2B4-730B-4339-929F-1A73CA0D01C3}.Release|x86.Build.0 = Release|Win32
		{5A5F9F90-109A-4E39-9308-E331EDE39E00}.Debug|Any CPU.ActiveCfg = Debug|Any CPU
		{5A5F9F90-109A-4E39-9308-E331EDE39E00}.Debug|Any CPU.Build.0 = Debug|Any CPU
		{5A5F9F90-109A-4E39-9308-E331EDE39E00}.Debug|x64.ActiveCfg = Debug|Any CPU
		{5A5F9F90-109A-4E39-9308-E331EDE39E00}.Debug|x64.Build.0 = Debug|Any CPU
		{5A5F9F90-109A-4E39-9308-E331EDE39E00}.Debug|x86.ActiveCfg = Debug|Any CPU
		{5A5F9F90-109A-4E39-9308-E331EDE39E00}.Debug|x86.Build.0 = Debug|Any CPU
		{5A5F9F90-109A-4E39-9308-E331EDE39E00}.Release|Any CPU.ActiveCfg = Release|Any CPU
		{5A5F9F90-109A-4E39-9308-E331EDE39E00}.Release|Any CPU.Build.0 = Release|Any CPU
		{5A5F9F90-109A-4E39-9308-E331EDE39E00}.Release|x64.ActiveCfg = Release|Any CPU
		{5A5F9F90-109A-4E39-9308-E331EDE39E00}.Release|x64.Build.0 = Release|Any CPU
		{5A5F9F90-109A-4E39-9308-E331EDE39E00}.Release|x86.ActiveCfg = Release|Any CPU
		{5A5F9F90-109A-4E39-9308-E331EDE39E00}.Release|x86.Build.0 = Release|Any CPU
		{51DD8371-8B06-4BC3-B5D6-1BC21B54E9C2}.Debug|Any CPU.ActiveCfg = Debug|x64
		{51DD8371-8B06-4BC3-B5D6-1BC21B54E9C2}.Debug|x64.ActiveCfg = Debug|x64
		{51DD8371-8B06-4BC3-B5D6-1BC21B54E9C2}.Debug|x64.Build.0 = Debug|x64
		{51DD8371-8B06-4BC3-B5D6-1BC21B54E9C2}.Debug|x86.ActiveCfg = Debug|Win32
		{51DD8371-8B06-4BC3-B5D6-1BC21B54E9C2}.Debug|x86.Build.0 = Debug|Win32
		{51DD8371-8B06-4BC3-B5D6-1BC21B54E9C2}.Release|Any CPU.ActiveCfg = Release|Win32
		{51DD8371-8B06-4BC3-B5D6-1BC21B54E9C2}.Release|x64.ActiveCfg = Release|x64
		{51DD8371-8B06-4BC3-B5D6-1BC21B54E9C2}.Release|x64.Build.0 = Release|x64
		{51DD8371-8B06-4BC3-B5D6-1BC21B54E9C2}.Release|x86.ActiveCfg = Release|Win32
		{51DD8371-8B06-4BC3-B5D6-1BC21B54E9C2}.Release|x86.Build.0 = Release|Win32
		{5A6372FE-AD6E-40B3-850B-1AFA76CBA0AB}.Debug|Any CPU.ActiveCfg = Debug|Any CPU
		{5A6372FE-AD6E-40B3-850B-1AFA76CBA0AB}.Debug|Any CPU.Build.0 = Debug|Any CPU
		{5A6372FE-AD6E-40B3-850B-1AFA76CBA0AB}.Debug|x64.ActiveCfg = Debug|Any CPU
		{5A6372FE-AD6E-40B3-850B-1AFA76CBA0AB}.Debug|x64.Build.0 = Debug|Any CPU
		{5A6372FE-AD6E-40B3-850B-1AFA76CBA0AB}.Debug|x86.ActiveCfg = Debug|Any CPU
		{5A6372FE-AD6E-40B3-850B-1AFA76CBA0AB}.Debug|x86.Build.0 = Debug|Any CPU
		{5A6372FE-AD6E-40B3-850B-1AFA76CBA0AB}.Release|Any CPU.ActiveCfg = Release|Any CPU
		{5A6372FE-AD6E-40B3-850B-1AFA76CBA0AB}.Release|Any CPU.Build.0 = Release|Any CPU
		{5A6372FE-AD6E-40B3-850B-1AFA76CBA0AB}.Release|x64.ActiveCfg = Release|Any CPU
		{5A6372FE-AD6E-40B3-850B-1AFA76CBA0AB}.Release|x64.Build.0 = Release|Any CPU
		{5A6372FE-AD6E-40B3-850B-1AFA76CBA0AB}.Release|x86.ActiveCfg = Release|Any CPU
		{5A6372FE-AD6E-40B3-850B-1AFA76CBA0AB}.Release|x86.Build.0 = Release|Any CPU
		{C97EC935-CF90-4073-B30F-65344388D912}.Debug|Any CPU.ActiveCfg = Debug|Any CPU
		{C97EC935-CF90-4073-B30F-65344388D912}.Debug|Any CPU.Build.0 = Debug|Any CPU
		{C97EC935-CF90-4073-B30F-65344388D912}.Debug|x64.ActiveCfg = Debug|Any CPU
		{C97EC935-CF90-4073-B30F-65344388D912}.Debug|x64.Build.0 = Debug|Any CPU
		{C97EC935-CF90-4073-B30F-65344388D912}.Debug|x86.ActiveCfg = Debug|Any CPU
		{C97EC935-CF90-4073-B30F-65344388D912}.Debug|x86.Build.0 = Debug|Any CPU
		{C97EC935-CF90-4073-B30F-65344388D912}.Release|Any CPU.ActiveCfg = Release|Any CPU
		{C97EC935-CF90-4073-B30F-65344388D912}.Release|Any CPU.Build.0 = Release|Any CPU
		{C97EC935-CF90-4073-B30F-65344388D912}.Release|x64.ActiveCfg = Release|Any CPU
		{C97EC935-CF90-4073-B30F-65344388D912}.Release|x64.Build.0 = Release|Any CPU
		{C97EC935-CF90-4073-B30F-65344388D912}.Release|x86.ActiveCfg = Release|Any CPU
		{C97EC935-CF90-4073-B30F-65344388D912}.Release|x86.Build.0 = Release|Any CPU
		{D765B4CD-D9C7-4DC8-9E5C-8299B38993B0}.Debug|Any CPU.ActiveCfg = Debug|Any CPU
		{D765B4CD-D9C7-4DC8-9E5C-8299B38993B0}.Debug|Any CPU.Build.0 = Debug|Any CPU
		{D765B4CD-D9C7-4DC8-9E5C-8299B38993B0}.Debug|x64.ActiveCfg = Debug|Any CPU
		{D765B4CD-D9C7-4DC8-9E5C-8299B38993B0}.Debug|x64.Build.0 = Debug|Any CPU
		{D765B4CD-D9C7-4DC8-9E5C-8299B38993B0}.Debug|x86.ActiveCfg = Debug|Any CPU
		{D765B4CD-D9C7-4DC8-9E5C-8299B38993B0}.Debug|x86.Build.0 = Debug|Any CPU
		{D765B4CD-D9C7-4DC8-9E5C-8299B38993B0}.Release|Any CPU.ActiveCfg = Release|Any CPU
		{D765B4CD-D9C7-4DC8-9E5C-8299B38993B0}.Release|Any CPU.Build.0 = Release|Any CPU
		{D765B4CD-D9C7-4DC8-9E5C-8299B38993B0}.Release|x64.ActiveCfg = Release|Any CPU
		{D765B4CD-D9C7-4DC8-9E5C-8299B38993B0}.Release|x64.Build.0 = Release|Any CPU
		{D765B4CD-D9C7-4DC8-9E5C-8299B38993B0}.Release|x86.ActiveCfg = Release|Any CPU
		{D765B4CD-D9C7-4DC8-9E5C-8299B38993B0}.Release|x86.Build.0 = Release|Any CPU
		{85DA266D-0F27-4EAC-BC86-E6BBF6CB0CA1}.Debug|Any CPU.ActiveCfg = Debug|Any CPU
		{85DA266D-0F27-4EAC-BC86-E6BBF6CB0CA1}.Debug|Any CPU.Build.0 = Debug|Any CPU
		{85DA266D-0F27-4EAC-BC86-E6BBF6CB0CA1}.Debug|x64.ActiveCfg = Debug|Any CPU
		{85DA266D-0F27-4EAC-BC86-E6BBF6CB0CA1}.Debug|x64.Build.0 = Debug|Any CPU
		{85DA266D-0F27-4EAC-BC86-E6BBF6CB0CA1}.Debug|x86.ActiveCfg = Debug|Any CPU
		{85DA266D-0F27-4EAC-BC86-E6BBF6CB0CA1}.Debug|x86.Build.0 = Debug|Any CPU
		{85DA266D-0F27-4EAC-BC86-E6BBF6CB0CA1}.Release|Any CPU.ActiveCfg = Release|Any CPU
		{85DA266D-0F27-4EAC-BC86-E6BBF6CB0CA1}.Release|Any CPU.Build.0 = Release|Any CPU
		{85DA266D-0F27-4EAC-BC86-E6BBF6CB0CA1}.Release|x64.ActiveCfg = Release|Any CPU
		{85DA266D-0F27-4EAC-BC86-E6BBF6CB0CA1}.Release|x64.Build.0 = Release|Any CPU
		{85DA266D-0F27-4EAC-BC86-E6BBF6CB0CA1}.Release|x86.ActiveCfg = Release|Any CPU
		{85DA266D-0F27-4EAC-BC86-E6BBF6CB0CA1}.Release|x86.Build.0 = Release|Any CPU
		{2651D9E8-9C18-43FB-850D-422406C6046B}.Debug|Any CPU.ActiveCfg = Debug|Any CPU
		{2651D9E8-9C18-43FB-850D-422406C6046B}.Debug|Any CPU.Build.0 = Debug|Any CPU
		{2651D9E8-9C18-43FB-850D-422406C6046B}.Debug|x64.ActiveCfg = Debug|Any CPU
		{2651D9E8-9C18-43FB-850D-422406C6046B}.Debug|x64.Build.0 = Debug|Any CPU
		{2651D9E8-9C18-43FB-850D-422406C6046B}.Debug|x86.ActiveCfg = Debug|Any CPU
		{2651D9E8-9C18-43FB-850D-422406C6046B}.Debug|x86.Build.0 = Debug|Any CPU
		{2651D9E8-9C18-43FB-850D-422406C6046B}.Release|Any CPU.ActiveCfg = Release|Any CPU
		{2651D9E8-9C18-43FB-850D-422406C6046B}.Release|Any CPU.Build.0 = Release|Any CPU
		{2651D9E8-9C18-43FB-850D-422406C6046B}.Release|x64.ActiveCfg = Release|Any CPU
		{2651D9E8-9C18-43FB-850D-422406C6046B}.Release|x64.Build.0 = Release|Any CPU
		{2651D9E8-9C18-43FB-850D-422406C6046B}.Release|x86.ActiveCfg = Release|Any CPU
		{2651D9E8-9C18-43FB-850D-422406C6046B}.Release|x86.Build.0 = Release|Any CPU
		{3A769AC6-DCEB-4FBD-8BFE-06142C22CC4C}.Debug|Any CPU.ActiveCfg = Debug|Any CPU
		{3A769AC6-DCEB-4FBD-8BFE-06142C22CC4C}.Debug|Any CPU.Build.0 = Debug|Any CPU
		{3A769AC6-DCEB-4FBD-8BFE-06142C22CC4C}.Debug|x64.ActiveCfg = Debug|Any CPU
		{3A769AC6-DCEB-4FBD-8BFE-06142C22CC4C}.Debug|x64.Build.0 = Debug|Any CPU
		{3A769AC6-DCEB-4FBD-8BFE-06142C22CC4C}.Debug|x86.ActiveCfg = Debug|Any CPU
		{3A769AC6-DCEB-4FBD-8BFE-06142C22CC4C}.Debug|x86.Build.0 = Debug|Any CPU
		{3A769AC6-DCEB-4FBD-8BFE-06142C22CC4C}.Release|Any CPU.ActiveCfg = Release|Any CPU
		{3A769AC6-DCEB-4FBD-8BFE-06142C22CC4C}.Release|Any CPU.Build.0 = Release|Any CPU
		{3A769AC6-DCEB-4FBD-8BFE-06142C22CC4C}.Release|x64.ActiveCfg = Release|Any CPU
		{3A769AC6-DCEB-4FBD-8BFE-06142C22CC4C}.Release|x64.Build.0 = Release|Any CPU
		{3A769AC6-DCEB-4FBD-8BFE-06142C22CC4C}.Release|x86.ActiveCfg = Release|Any CPU
		{3A769AC6-DCEB-4FBD-8BFE-06142C22CC4C}.Release|x86.Build.0 = Release|Any CPU
		{D38A3E39-2A19-4C6A-9222-AF0006344099}.Debug|Any CPU.ActiveCfg = Debug|Any CPU
		{D38A3E39-2A19-4C6A-9222-AF0006344099}.Debug|Any CPU.Build.0 = Debug|Any CPU
		{D38A3E39-2A19-4C6A-9222-AF0006344099}.Debug|x64.ActiveCfg = Debug|Any CPU
		{D38A3E39-2A19-4C6A-9222-AF0006344099}.Debug|x64.Build.0 = Debug|Any CPU
		{D38A3E39-2A19-4C6A-9222-AF0006344099}.Debug|x86.ActiveCfg = Debug|Any CPU
		{D38A3E39-2A19-4C6A-9222-AF0006344099}.Debug|x86.Build.0 = Debug|Any CPU
		{D38A3E39-2A19-4C6A-9222-AF0006344099}.Release|Any CPU.ActiveCfg = Release|Any CPU
		{D38A3E39-2A19-4C6A-9222-AF0006344099}.Release|Any CPU.Build.0 = Release|Any CPU
		{D38A3E39-2A19-4C6A-9222-AF0006344099}.Release|x64.ActiveCfg = Release|Any CPU
		{D38A3E39-2A19-4C6A-9222-AF0006344099}.Release|x64.Build.0 = Release|Any CPU
		{D38A3E39-2A19-4C6A-9222-AF0006344099}.Release|x86.ActiveCfg = Release|Any CPU
		{D38A3E39-2A19-4C6A-9222-AF0006344099}.Release|x86.Build.0 = Release|Any CPU
		{133FAC82-FE5A-4758-93B6-7CFE3DFF15F8}.Debug|Any CPU.ActiveCfg = Debug|Any CPU
		{133FAC82-FE5A-4758-93B6-7CFE3DFF15F8}.Debug|Any CPU.Build.0 = Debug|Any CPU
		{133FAC82-FE5A-4758-93B6-7CFE3DFF15F8}.Debug|x64.ActiveCfg = Debug|Any CPU
		{133FAC82-FE5A-4758-93B6-7CFE3DFF15F8}.Debug|x64.Build.0 = Debug|Any CPU
		{133FAC82-FE5A-4758-93B6-7CFE3DFF15F8}.Debug|x86.ActiveCfg = Debug|Any CPU
		{133FAC82-FE5A-4758-93B6-7CFE3DFF15F8}.Debug|x86.Build.0 = Debug|Any CPU
		{133FAC82-FE5A-4758-93B6-7CFE3DFF15F8}.Release|Any CPU.ActiveCfg = Release|Any CPU
		{133FAC82-FE5A-4758-93B6-7CFE3DFF15F8}.Release|Any CPU.Build.0 = Release|Any CPU
		{133FAC82-FE5A-4758-93B6-7CFE3DFF15F8}.Release|x64.ActiveCfg = Release|Any CPU
		{133FAC82-FE5A-4758-93B6-7CFE3DFF15F8}.Release|x64.Build.0 = Release|Any CPU
		{133FAC82-FE5A-4758-93B6-7CFE3DFF15F8}.Release|x86.ActiveCfg = Release|Any CPU
		{133FAC82-FE5A-4758-93B6-7CFE3DFF15F8}.Release|x86.Build.0 = Release|Any CPU
		{3026D3AC-EE78-48AD-BD42-1F4647308A04}.Debug|Any CPU.ActiveCfg = Debug|Any CPU
		{3026D3AC-EE78-48AD-BD42-1F4647308A04}.Debug|Any CPU.Build.0 = Debug|Any CPU
		{3026D3AC-EE78-48AD-BD42-1F4647308A04}.Debug|x64.ActiveCfg = Debug|Any CPU
		{3026D3AC-EE78-48AD-BD42-1F4647308A04}.Debug|x64.Build.0 = Debug|Any CPU
		{3026D3AC-EE78-48AD-BD42-1F4647308A04}.Debug|x86.ActiveCfg = Debug|Any CPU
		{3026D3AC-EE78-48AD-BD42-1F4647308A04}.Debug|x86.Build.0 = Debug|Any CPU
		{3026D3AC-EE78-48AD-BD42-1F4647308A04}.Release|Any CPU.ActiveCfg = Release|Any CPU
		{3026D3AC-EE78-48AD-BD42-1F4647308A04}.Release|Any CPU.Build.0 = Release|Any CPU
		{3026D3AC-EE78-48AD-BD42-1F4647308A04}.Release|x64.ActiveCfg = Release|Any CPU
		{3026D3AC-EE78-48AD-BD42-1F4647308A04}.Release|x64.Build.0 = Release|Any CPU
		{3026D3AC-EE78-48AD-BD42-1F4647308A04}.Release|x86.ActiveCfg = Release|Any CPU
		{3026D3AC-EE78-48AD-BD42-1F4647308A04}.Release|x86.Build.0 = Release|Any CPU
		{47211F24-D0A0-4FBB-B9DC-1FDAD1E1540A}.Debug|Any CPU.ActiveCfg = Debug|Any CPU
		{47211F24-D0A0-4FBB-B9DC-1FDAD1E1540A}.Debug|Any CPU.Build.0 = Debug|Any CPU
		{47211F24-D0A0-4FBB-B9DC-1FDAD1E1540A}.Debug|x64.ActiveCfg = Debug|Any CPU
		{47211F24-D0A0-4FBB-B9DC-1FDAD1E1540A}.Debug|x64.Build.0 = Debug|Any CPU
		{47211F24-D0A0-4FBB-B9DC-1FDAD1E1540A}.Debug|x86.ActiveCfg = Debug|Any CPU
		{47211F24-D0A0-4FBB-B9DC-1FDAD1E1540A}.Debug|x86.Build.0 = Debug|Any CPU
		{47211F24-D0A0-4FBB-B9DC-1FDAD1E1540A}.Release|Any CPU.ActiveCfg = Release|Any CPU
		{47211F24-D0A0-4FBB-B9DC-1FDAD1E1540A}.Release|Any CPU.Build.0 = Release|Any CPU
		{47211F24-D0A0-4FBB-B9DC-1FDAD1E1540A}.Release|x64.ActiveCfg = Release|Any CPU
		{47211F24-D0A0-4FBB-B9DC-1FDAD1E1540A}.Release|x64.Build.0 = Release|Any CPU
		{47211F24-D0A0-4FBB-B9DC-1FDAD1E1540A}.Release|x86.ActiveCfg = Release|Any CPU
		{47211F24-D0A0-4FBB-B9DC-1FDAD1E1540A}.Release|x86.Build.0 = Release|Any CPU
		{84F0AB76-8D0D-43AC-995F-71B65D361183}.Debug|Any CPU.ActiveCfg = Debug|Any CPU
		{84F0AB76-8D0D-43AC-995F-71B65D361183}.Debug|Any CPU.Build.0 = Debug|Any CPU
		{84F0AB76-8D0D-43AC-995F-71B65D361183}.Debug|x64.ActiveCfg = Debug|Any CPU
		{84F0AB76-8D0D-43AC-995F-71B65D361183}.Debug|x64.Build.0 = Debug|Any CPU
		{84F0AB76-8D0D-43AC-995F-71B65D361183}.Debug|x86.ActiveCfg = Debug|Any CPU
		{84F0AB76-8D0D-43AC-995F-71B65D361183}.Debug|x86.Build.0 = Debug|Any CPU
		{84F0AB76-8D0D-43AC-995F-71B65D361183}.Release|Any CPU.ActiveCfg = Release|Any CPU
		{84F0AB76-8D0D-43AC-995F-71B65D361183}.Release|Any CPU.Build.0 = Release|Any CPU
		{84F0AB76-8D0D-43AC-995F-71B65D361183}.Release|x64.ActiveCfg = Release|Any CPU
		{84F0AB76-8D0D-43AC-995F-71B65D361183}.Release|x64.Build.0 = Release|Any CPU
		{84F0AB76-8D0D-43AC-995F-71B65D361183}.Release|x86.ActiveCfg = Release|Any CPU
		{84F0AB76-8D0D-43AC-995F-71B65D361183}.Release|x86.Build.0 = Release|Any CPU
		{235DDA77-039B-4425-B2C9-F8F4364C066D}.Debug|Any CPU.ActiveCfg = Debug|Any CPU
		{235DDA77-039B-4425-B2C9-F8F4364C066D}.Debug|Any CPU.Build.0 = Debug|Any CPU
		{235DDA77-039B-4425-B2C9-F8F4364C066D}.Debug|x64.ActiveCfg = Debug|Any CPU
		{235DDA77-039B-4425-B2C9-F8F4364C066D}.Debug|x64.Build.0 = Debug|Any CPU
		{235DDA77-039B-4425-B2C9-F8F4364C066D}.Debug|x86.ActiveCfg = Debug|Any CPU
		{235DDA77-039B-4425-B2C9-F8F4364C066D}.Debug|x86.Build.0 = Debug|Any CPU
		{235DDA77-039B-4425-B2C9-F8F4364C066D}.Release|Any CPU.ActiveCfg = Release|Any CPU
		{235DDA77-039B-4425-B2C9-F8F4364C066D}.Release|Any CPU.Build.0 = Release|Any CPU
		{235DDA77-039B-4425-B2C9-F8F4364C066D}.Release|x64.ActiveCfg = Release|Any CPU
		{235DDA77-039B-4425-B2C9-F8F4364C066D}.Release|x64.Build.0 = Release|Any CPU
		{235DDA77-039B-4425-B2C9-F8F4364C066D}.Release|x86.ActiveCfg = Release|Any CPU
		{235DDA77-039B-4425-B2C9-F8F4364C066D}.Release|x86.Build.0 = Release|Any CPU
		{C839B2B3-345B-4B4F-9B75-7048A2C9AA90}.Debug|Any CPU.ActiveCfg = Debug|Any CPU
		{C839B2B3-345B-4B4F-9B75-7048A2C9AA90}.Debug|Any CPU.Build.0 = Debug|Any CPU
		{C839B2B3-345B-4B4F-9B75-7048A2C9AA90}.Debug|x64.ActiveCfg = Debug|Any CPU
		{C839B2B3-345B-4B4F-9B75-7048A2C9AA90}.Debug|x64.Build.0 = Debug|Any CPU
		{C839B2B3-345B-4B4F-9B75-7048A2C9AA90}.Debug|x86.ActiveCfg = Debug|Any CPU
		{C839B2B3-345B-4B4F-9B75-7048A2C9AA90}.Debug|x86.Build.0 = Debug|Any CPU
		{C839B2B3-345B-4B4F-9B75-7048A2C9AA90}.Release|Any CPU.ActiveCfg = Release|Any CPU
		{C839B2B3-345B-4B4F-9B75-7048A2C9AA90}.Release|Any CPU.Build.0 = Release|Any CPU
		{C839B2B3-345B-4B4F-9B75-7048A2C9AA90}.Release|x64.ActiveCfg = Release|Any CPU
		{C839B2B3-345B-4B4F-9B75-7048A2C9AA90}.Release|x64.Build.0 = Release|Any CPU
		{C839B2B3-345B-4B4F-9B75-7048A2C9AA90}.Release|x86.ActiveCfg = Release|Any CPU
		{C839B2B3-345B-4B4F-9B75-7048A2C9AA90}.Release|x86.Build.0 = Release|Any CPU
		{38805817-A2CF-420D-B84A-BF9F27DD0B1A}.Debug|Any CPU.ActiveCfg = Debug|Any CPU
		{38805817-A2CF-420D-B84A-BF9F27DD0B1A}.Debug|Any CPU.Build.0 = Debug|Any CPU
		{38805817-A2CF-420D-B84A-BF9F27DD0B1A}.Debug|x64.ActiveCfg = Debug|Any CPU
		{38805817-A2CF-420D-B84A-BF9F27DD0B1A}.Debug|x64.Build.0 = Debug|Any CPU
		{38805817-A2CF-420D-B84A-BF9F27DD0B1A}.Debug|x86.ActiveCfg = Debug|Any CPU
		{38805817-A2CF-420D-B84A-BF9F27DD0B1A}.Debug|x86.Build.0 = Debug|Any CPU
		{38805817-A2CF-420D-B84A-BF9F27DD0B1A}.Release|Any CPU.ActiveCfg = Release|Any CPU
		{38805817-A2CF-420D-B84A-BF9F27DD0B1A}.Release|Any CPU.Build.0 = Release|Any CPU
		{38805817-A2CF-420D-B84A-BF9F27DD0B1A}.Release|x64.ActiveCfg = Release|Any CPU
		{38805817-A2CF-420D-B84A-BF9F27DD0B1A}.Release|x64.Build.0 = Release|Any CPU
		{38805817-A2CF-420D-B84A-BF9F27DD0B1A}.Release|x86.ActiveCfg = Release|Any CPU
		{38805817-A2CF-420D-B84A-BF9F27DD0B1A}.Release|x86.Build.0 = Release|Any CPU
		{4DFE2929-D3E0-4E4E-8720-17DAB07B070A}.Debug|Any CPU.ActiveCfg = Debug|Any CPU
		{4DFE2929-D3E0-4E4E-8720-17DAB07B070A}.Debug|Any CPU.Build.0 = Debug|Any CPU
		{4DFE2929-D3E0-4E4E-8720-17DAB07B070A}.Debug|x64.ActiveCfg = Debug|Any CPU
		{4DFE2929-D3E0-4E4E-8720-17DAB07B070A}.Debug|x64.Build.0 = Debug|Any CPU
		{4DFE2929-D3E0-4E4E-8720-17DAB07B070A}.Debug|x86.ActiveCfg = Debug|Any CPU
		{4DFE2929-D3E0-4E4E-8720-17DAB07B070A}.Debug|x86.Build.0 = Debug|Any CPU
		{4DFE2929-D3E0-4E4E-8720-17DAB07B070A}.Release|Any CPU.ActiveCfg = Release|Any CPU
		{4DFE2929-D3E0-4E4E-8720-17DAB07B070A}.Release|Any CPU.Build.0 = Release|Any CPU
		{4DFE2929-D3E0-4E4E-8720-17DAB07B070A}.Release|x64.ActiveCfg = Release|Any CPU
		{4DFE2929-D3E0-4E4E-8720-17DAB07B070A}.Release|x64.Build.0 = Release|Any CPU
		{4DFE2929-D3E0-4E4E-8720-17DAB07B070A}.Release|x86.ActiveCfg = Release|Any CPU
		{4DFE2929-D3E0-4E4E-8720-17DAB07B070A}.Release|x86.Build.0 = Release|Any CPU
		{0B9D93D3-A3E2-4D26-AA3F-817F21C8F7BB}.Debug|Any CPU.ActiveCfg = Debug|Any CPU
		{0B9D93D3-A3E2-4D26-AA3F-817F21C8F7BB}.Debug|Any CPU.Build.0 = Debug|Any CPU
		{0B9D93D3-A3E2-4D26-AA3F-817F21C8F7BB}.Debug|x64.ActiveCfg = Debug|Any CPU
		{0B9D93D3-A3E2-4D26-AA3F-817F21C8F7BB}.Debug|x64.Build.0 = Debug|Any CPU
		{0B9D93D3-A3E2-4D26-AA3F-817F21C8F7BB}.Debug|x86.ActiveCfg = Debug|Any CPU
		{0B9D93D3-A3E2-4D26-AA3F-817F21C8F7BB}.Debug|x86.Build.0 = Debug|Any CPU
		{0B9D93D3-A3E2-4D26-AA3F-817F21C8F7BB}.Release|Any CPU.ActiveCfg = Release|Any CPU
		{0B9D93D3-A3E2-4D26-AA3F-817F21C8F7BB}.Release|Any CPU.Build.0 = Release|Any CPU
		{0B9D93D3-A3E2-4D26-AA3F-817F21C8F7BB}.Release|x64.ActiveCfg = Release|Any CPU
		{0B9D93D3-A3E2-4D26-AA3F-817F21C8F7BB}.Release|x64.Build.0 = Release|Any CPU
		{0B9D93D3-A3E2-4D26-AA3F-817F21C8F7BB}.Release|x86.ActiveCfg = Release|Any CPU
		{0B9D93D3-A3E2-4D26-AA3F-817F21C8F7BB}.Release|x86.Build.0 = Release|Any CPU
		{2C102959-ADB7-4B13-B5D4-1F0308971586}.Debug|Any CPU.ActiveCfg = Debug|Any CPU
		{2C102959-ADB7-4B13-B5D4-1F0308971586}.Debug|Any CPU.Build.0 = Debug|Any CPU
		{2C102959-ADB7-4B13-B5D4-1F0308971586}.Debug|x64.ActiveCfg = Debug|Any CPU
		{2C102959-ADB7-4B13-B5D4-1F0308971586}.Debug|x64.Build.0 = Debug|Any CPU
		{2C102959-ADB7-4B13-B5D4-1F0308971586}.Debug|x86.ActiveCfg = Debug|Any CPU
		{2C102959-ADB7-4B13-B5D4-1F0308971586}.Debug|x86.Build.0 = Debug|Any CPU
		{2C102959-ADB7-4B13-B5D4-1F0308971586}.Release|Any CPU.ActiveCfg = Release|Any CPU
		{2C102959-ADB7-4B13-B5D4-1F0308971586}.Release|Any CPU.Build.0 = Release|Any CPU
		{2C102959-ADB7-4B13-B5D4-1F0308971586}.Release|x64.ActiveCfg = Release|Any CPU
		{2C102959-ADB7-4B13-B5D4-1F0308971586}.Release|x64.Build.0 = Release|Any CPU
		{2C102959-ADB7-4B13-B5D4-1F0308971586}.Release|x86.ActiveCfg = Release|Any CPU
		{2C102959-ADB7-4B13-B5D4-1F0308971586}.Release|x86.Build.0 = Release|Any CPU
		{F1727428-7128-452A-A915-231AE8995709}.Debug|Any CPU.ActiveCfg = Debug|Any CPU
		{F1727428-7128-452A-A915-231AE8995709}.Debug|Any CPU.Build.0 = Debug|Any CPU
		{F1727428-7128-452A-A915-231AE8995709}.Debug|x64.ActiveCfg = Debug|Any CPU
		{F1727428-7128-452A-A915-231AE8995709}.Debug|x64.Build.0 = Debug|Any CPU
		{F1727428-7128-452A-A915-231AE8995709}.Debug|x86.ActiveCfg = Debug|Any CPU
		{F1727428-7128-452A-A915-231AE8995709}.Debug|x86.Build.0 = Debug|Any CPU
		{F1727428-7128-452A-A915-231AE8995709}.Release|Any CPU.ActiveCfg = Release|Any CPU
		{F1727428-7128-452A-A915-231AE8995709}.Release|Any CPU.Build.0 = Release|Any CPU
		{F1727428-7128-452A-A915-231AE8995709}.Release|x64.ActiveCfg = Release|Any CPU
		{F1727428-7128-452A-A915-231AE8995709}.Release|x64.Build.0 = Release|Any CPU
		{F1727428-7128-452A-A915-231AE8995709}.Release|x86.ActiveCfg = Release|Any CPU
		{F1727428-7128-452A-A915-231AE8995709}.Release|x86.Build.0 = Release|Any CPU
		{07E78D27-C49B-4876-B135-634058F6C7F5}.Debug|Any CPU.ActiveCfg = Debug|Any CPU
		{07E78D27-C49B-4876-B135-634058F6C7F5}.Debug|Any CPU.Build.0 = Debug|Any CPU
		{07E78D27-C49B-4876-B135-634058F6C7F5}.Debug|x64.ActiveCfg = Debug|Any CPU
		{07E78D27-C49B-4876-B135-634058F6C7F5}.Debug|x64.Build.0 = Debug|Any CPU
		{07E78D27-C49B-4876-B135-634058F6C7F5}.Debug|x86.ActiveCfg = Debug|Any CPU
		{07E78D27-C49B-4876-B135-634058F6C7F5}.Debug|x86.Build.0 = Debug|Any CPU
		{07E78D27-C49B-4876-B135-634058F6C7F5}.Release|Any CPU.ActiveCfg = Release|Any CPU
		{07E78D27-C49B-4876-B135-634058F6C7F5}.Release|Any CPU.Build.0 = Release|Any CPU
		{07E78D27-C49B-4876-B135-634058F6C7F5}.Release|x64.ActiveCfg = Release|Any CPU
		{07E78D27-C49B-4876-B135-634058F6C7F5}.Release|x64.Build.0 = Release|Any CPU
		{07E78D27-C49B-4876-B135-634058F6C7F5}.Release|x86.ActiveCfg = Release|Any CPU
		{07E78D27-C49B-4876-B135-634058F6C7F5}.Release|x86.Build.0 = Release|Any CPU
		{1C87642D-7D1A-4DF2-9D08-255ED253D0C6}.Debug|Any CPU.ActiveCfg = Debug|Any CPU
		{1C87642D-7D1A-4DF2-9D08-255ED253D0C6}.Debug|Any CPU.Build.0 = Debug|Any CPU
		{1C87642D-7D1A-4DF2-9D08-255ED253D0C6}.Debug|x64.ActiveCfg = Debug|Any CPU
		{1C87642D-7D1A-4DF2-9D08-255ED253D0C6}.Debug|x64.Build.0 = Debug|Any CPU
		{1C87642D-7D1A-4DF2-9D08-255ED253D0C6}.Debug|x86.ActiveCfg = Debug|Any CPU
		{1C87642D-7D1A-4DF2-9D08-255ED253D0C6}.Debug|x86.Build.0 = Debug|Any CPU
		{1C87642D-7D1A-4DF2-9D08-255ED253D0C6}.Release|Any CPU.ActiveCfg = Release|Any CPU
		{1C87642D-7D1A-4DF2-9D08-255ED253D0C6}.Release|Any CPU.Build.0 = Release|Any CPU
		{1C87642D-7D1A-4DF2-9D08-255ED253D0C6}.Release|x64.ActiveCfg = Release|Any CPU
		{1C87642D-7D1A-4DF2-9D08-255ED253D0C6}.Release|x64.Build.0 = Release|Any CPU
		{1C87642D-7D1A-4DF2-9D08-255ED253D0C6}.Release|x86.ActiveCfg = Release|Any CPU
		{1C87642D-7D1A-4DF2-9D08-255ED253D0C6}.Release|x86.Build.0 = Release|Any CPU
	EndGlobalSection
	GlobalSection(SolutionProperties) = preSolution
		HideSolutionNode = FALSE
	EndGlobalSection
	GlobalSection(NestedProjects) = preSolution
		{133FAC82-FE5A-4758-93B6-7CFE3DFF15F8} = {9C63B869-656A-410C-B380-225213611AB8}
		{3026D3AC-EE78-48AD-BD42-1F4647308A04} = {9C63B869-656A-410C-B380-225213611AB8}
		{47211F24-D0A0-4FBB-B9DC-1FDAD1E1540A} = {9C63B869-656A-410C-B380-225213611AB8}
		{C839B2B3-345B-4B4F-9B75-7048A2C9AA90} = {A1DB8F58-D4F7-4568-AAB5-F8627009AE07}
		{38805817-A2CF-420D-B84A-BF9F27DD0B1A} = {A1DB8F58-D4F7-4568-AAB5-F8627009AE07}
		{0B9D93D3-A3E2-4D26-AA3F-817F21C8F7BB} = {4294362B-56D1-4954-82C8-8C496CBA3420}
		{2C102959-ADB7-4B13-B5D4-1F0308971586} = {4294362B-56D1-4954-82C8-8C496CBA3420}
		{F1727428-7128-452A-A915-231AE8995709} = {4294362B-56D1-4954-82C8-8C496CBA3420}
		{07E78D27-C49B-4876-B135-634058F6C7F5} = {4294362B-56D1-4954-82C8-8C496CBA3420}
		{1C87642D-7D1A-4DF2-9D08-255ED253D0C6} = {A1DB8F58-D4F7-4568-AAB5-F8627009AE07}
	EndGlobalSection
	GlobalSection(ExtensibilityGlobals) = postSolution
		SolutionGuid = {B6C26A51-2A6D-4BE5-AD00-A0C8EADC4DBC}
	EndGlobalSection
EndGlobal
