
Microsoft Visual Studio Solution File, Format Version 12.00
# Visual Studio Version 17
VisualStudioVersion = 17.0.31919.166
MinimumVisualStudioVersion = 10.0.40219.1
Project("{8BC9CEB8-8B4A-11D0-8D11-00A0C91BC942}") = "LearningCpp", "LearningCpp\LearningCpp.vcxproj", "{A48AF8A2-FD6D-4382-912D-299226C16572}"
EndProject
Project("{8BC9CEB8-8B4A-11D0-8D11-00A0C91BC942}") = "ImageStudio", "ImageStudio\ImageStudio.vcxproj", "{7952B100-3CDE-4A2B-A7BC-F89AA38A6F18}"
EndProject
Project("{8BC9CEB8-8B4A-11D0-8D11-00A0C91BC942}") = "LearningBoost", "LearningBoost\LearningBoost.vcxproj", "{4FD937D7-98EF-46BE-9F62-5B17EB5AA843}"
EndProject
Project("{8BC9CEB8-8B4A-11D0-8D11-00A0C91BC942}") = "LearningNetwork", "LearningNetwork\LearningNetwork.vcxproj", "{90E9A2B4-730B-4339-929F-1A73CA0D01C3}"
EndProject
Project("{9A19103F-16F7-4668-BE54-9A1E7A4F7556}") = "DevicePortCommunicationClient", "DevicePortCommunicationClient\DevicePortCommunicationClient.csproj", "{5A5F9F90-109A-4E39-9308-E331EDE39E00}"
EndProject
Project("{8BC9CEB8-8B4A-11D0-8D11-00A0C91BC942}") = "LearningASIO", "LearningASIO\LearningASIO.vcxproj", "{51DD8371-8B06-4BC3-B5D6-1BC21B54E9C2}"
EndProject
Project("{9A19103F-16F7-4668-BE54-9A1E7A4F7556}") = "ArtificialIntelligenceStudioClient", "ArtificialIntelligenceStudioClient\ArtificialIntelligenceStudioClient.csproj", "{5A6372FE-AD6E-40B3-850B-1AFA76CBA0AB}"
EndProject
Project("{9A19103F-16F7-4668-BE54-9A1E7A4F7556}") = "ArtificialIntelligenceStudioClient.Core", "ArtificialIntelligenceStudioClient.Core\ArtificialIntelligenceStudioClient.Core.csproj", "{C97EC935-CF90-4073-B30F-65344388D912}"
EndProject
Project("{FAE04EC0-301F-11D3-BF4B-00C04F79EFBC}") = "ArtificialIntelligenceStudioClient.Modules.ImageAnnotation", "ArtificialIntelligenceStudioClient.Modules.ImageAnnotation\ArtificialIntelligenceStudioClient.Modules.ImageAnnotation.csproj", "{B77FAF2E-EB88-456B-9459-18B5DCD2830C}"
EndProject
Global
	GlobalSection(SolutionConfigurationPlatforms) = preSolution
		Debug|Any CPU = Debug|Any CPU
		Debug|x64 = Debug|x64
		Debug|x86 = Debug|x86
		Release|Any CPU = Release|Any CPU
		Release|x64 = Release|x64
		Release|x86 = Release|x86
	EndGlobalSection
	GlobalSection(ProjectConfigurationPlatforms) = postSolution
		{A48AF8A2-FD6D-4382-912D-299226C16572}.Debug|Any CPU.ActiveCfg = Debug|x64
		{A48AF8A2-FD6D-4382-912D-299226C16572}.Debug|x64.ActiveCfg = Debug|x64
		{A48AF8A2-FD6D-4382-912D-299226C16572}.Debug|x64.Build.0 = Debug|x64
		{A48AF8A2-FD6D-4382-912D-299226C16572}.Debug|x86.ActiveCfg = Debug|Win32
		{A48AF8A2-FD6D-4382-912D-299226C16572}.Debug|x86.Build.0 = Debug|Win32
		{A48AF8A2-FD6D-4382-912D-299226C16572}.Release|Any CPU.ActiveCfg = Release|Win32
		{A48AF8A2-FD6D-4382-912D-299226C16572}.Release|x64.ActiveCfg = Release|x64
		{A48AF8A2-FD6D-4382-912D-299226C16572}.Release|x64.Build.0 = Release|x64
		{A48AF8A2-FD6D-4382-912D-299226C16572}.Release|x86.ActiveCfg = Release|Win32
		{A48AF8A2-FD6D-4382-912D-299226C16572}.Release|x86.Build.0 = Release|Win32
		{7952B100-3CDE-4A2B-A7BC-F89AA38A6F18}.Debug|Any CPU.ActiveCfg = Debug|x64
		{7952B100-3CDE-4A2B-A7BC-F89AA38A6F18}.Debug|x64.ActiveCfg = Debug|x64
		{7952B100-3CDE-4A2B-A7BC-F89AA38A6F18}.Debug|x64.Build.0 = Debug|x64
		{7952B100-3CDE-4A2B-A7BC-F89AA38A6F18}.Debug|x86.ActiveCfg = Debug|Win32
		{7952B100-3CDE-4A2B-A7BC-F89AA38A6F18}.Debug|x86.Build.0 = Debug|Win32
		{7952B100-3CDE-4A2B-A7BC-F89AA38A6F18}.Release|Any CPU.ActiveCfg = Release|Win32
		{7952B100-3CDE-4A2B-A7BC-F89AA38A6F18}.Release|x64.ActiveCfg = Release|x64
		{7952B100-3CDE-4A2B-A7BC-F89AA38A6F18}.Release|x64.Build.0 = Release|x64
		{7952B100-3CDE-4A2B-A7BC-F89AA38A6F18}.Release|x86.ActiveCfg = Release|Win32
		{7952B100-3CDE-4A2B-A7BC-F89AA38A6F18}.Release|x86.Build.0 = Release|Win32
		{4FD937D7-98EF-46BE-9F62-5B17EB5AA843}.Debug|Any CPU.ActiveCfg = Debug|x64
		{4FD937D7-98EF-46BE-9F62-5B17EB5AA843}.Debug|x64.ActiveCfg = Debug|x64
		{4FD937D7-98EF-46BE-9F62-5B17EB5AA843}.Debug|x64.Build.0 = Debug|x64
		{4FD937D7-98EF-46BE-9F62-5B17EB5AA843}.Debug|x86.ActiveCfg = Debug|Win32
		{4FD937D7-98EF-46BE-9F62-5B17EB5AA843}.Debug|x86.Build.0 = Debug|Win32
		{4FD937D7-98EF-46BE-9F62-5B17EB5AA843}.Release|Any CPU.ActiveCfg = Release|Win32
		{4FD937D7-98EF-46BE-9F62-5B17EB5AA843}.Release|x64.ActiveCfg = Release|x64
		{4FD937D7-98EF-46BE-9F62-5B17EB5AA843}.Release|x64.Build.0 = Release|x64
		{4FD937D7-98EF-46BE-9F62-5B17EB5AA843}.Release|x86.ActiveCfg = Release|Win32
		{4FD937D7-98EF-46BE-9F62-5B17EB5AA843}.Release|x86.Build.0 = Release|Win32
		{90E9A2B4-730B-4339-929F-1A73CA0D01C3}.Debug|Any CPU.ActiveCfg = Debug|x64
		{90E9A2B4-730B-4339-929F-1A73CA0D01C3}.Debug|x64.ActiveCfg = Debug|x64
		{90E9A2B4-730B-4339-929F-1A73CA0D01C3}.Debug|x64.Build.0 = Debug|x64
		{90E9A2B4-730B-4339-929F-1A73CA0D01C3}.Debug|x86.ActiveCfg = Debug|Win32
		{90E9A2B4-730B-4339-929F-1A73CA0D01C3}.Debug|x86.Build.0 = Debug|Win32
		{90E9A2B4-730B-4339-929F-1A73CA0D01C3}.Release|Any CPU.ActiveCfg = Release|Win32
		{90E9A2B4-730B-4339-929F-1A73CA0D01C3}.Release|x64.ActiveCfg = Release|x64
		{90E9A2B4-730B-4339-929F-1A73CA0D01C3}.Release|x64.Build.0 = Release|x64
		{90E9A2B4-730B-4339-929F-1A73CA0D01C3}.Release|x86.ActiveCfg = Release|Win32
		{90E9A2B4-730B-4339-929F-1A73CA0D01C3}.Release|x86.Build.0 = Release|Win32
		{5A5F9F90-109A-4E39-9308-E331EDE39E00}.Debug|Any CPU.ActiveCfg = Debug|Any CPU
		{5A5F9F90-109A-4E39-9308-E331EDE39E00}.Debug|Any CPU.Build.0 = Debug|Any CPU
		{5A5F9F90-109A-4E39-9308-E331EDE39E00}.Debug|x64.ActiveCfg = Debug|Any CPU
		{5A5F9F90-109A-4E39-9308-E331EDE39E00}.Debug|x64.Build.0 = Debug|Any CPU
		{5A5F9F90-109A-4E39-9308-E331EDE39E00}.Debug|x86.ActiveCfg = Debug|Any CPU
		{5A5F9F90-109A-4E39-9308-E331EDE39E00}.Debug|x86.Build.0 = Debug|Any CPU
		{5A5F9F90-109A-4E39-9308-E331EDE39E00}.Release|Any CPU.ActiveCfg = Release|Any CPU
		{5A5F9F90-109A-4E39-9308-E331EDE39E00}.Release|Any CPU.Build.0 = Release|Any CPU
		{5A5F9F90-109A-4E39-9308-E331EDE39E00}.Release|x64.ActiveCfg = Release|Any CPU
		{5A5F9F90-109A-4E39-9308-E331EDE39E00}.Release|x64.Build.0 = Release|Any CPU
		{5A5F9F90-109A-4E39-9308-E331EDE39E00}.Release|x86.ActiveCfg = Release|Any CPU
		{5A5F9F90-109A-4E39-9308-E331EDE39E00}.Release|x86.Build.0 = Release|Any CPU
		{51DD8371-8B06-4BC3-B5D6-1BC21B54E9C2}.Debug|Any CPU.ActiveCfg = Debug|x64
		{51DD8371-8B06-4BC3-B5D6-1BC21B54E9C2}.Debug|x64.ActiveCfg = Debug|x64
		{51DD8371-8B06-4BC3-B5D6-1BC21B54E9C2}.Debug|x64.Build.0 = Debug|x64
		{51DD8371-8B06-4BC3-B5D6-1BC21B54E9C2}.Debug|x86.ActiveCfg = Debug|Win32
		{51DD8371-8B06-4BC3-B5D6-1BC21B54E9C2}.Debug|x86.Build.0 = Debug|Win32
		{51DD8371-8B06-4BC3-B5D6-1BC21B54E9C2}.Release|Any CPU.ActiveCfg = Release|Win32
		{51DD8371-8B06-4BC3-B5D6-1BC21B54E9C2}.Release|x64.ActiveCfg = Release|x64
		{51DD8371-8B06-4BC3-B5D6-1BC21B54E9C2}.Release|x64.Build.0 = Release|x64
		{51DD8371-8B06-4BC3-B5D6-1BC21B54E9C2}.Release|x86.ActiveCfg = Release|Win32
		{51DD8371-8B06-4BC3-B5D6-1BC21B54E9C2}.Release|x86.Build.0 = Release|Win32
		{5A6372FE-AD6E-40B3-850B-1AFA76CBA0AB}.Debug|Any CPU.ActiveCfg = Debug|Any CPU
		{5A6372FE-AD6E-40B3-850B-1AFA76CBA0AB}.Debug|Any CPU.Build.0 = Debug|Any CPU
		{5A6372FE-AD6E-40B3-850B-1AFA76CBA0AB}.Debug|x64.ActiveCfg = Debug|Any CPU
		{5A6372FE-AD6E-40B3-850B-1AFA76CBA0AB}.Debug|x64.Build.0 = Debug|Any CPU
		{5A6372FE-AD6E-40B3-850B-1AFA76CBA0AB}.Debug|x86.ActiveCfg = Debug|Any CPU
		{5A6372FE-AD6E-40B3-850B-1AFA76CBA0AB}.Debug|x86.Build.0 = Debug|Any CPU
		{5A6372FE-AD6E-40B3-850B-1AFA76CBA0AB}.Release|Any CPU.ActiveCfg = Release|Any CPU
		{5A6372FE-AD6E-40B3-850B-1AFA76CBA0AB}.Release|Any CPU.Build.0 = Release|Any CPU
		{5A6372FE-AD6E-40B3-850B-1AFA76CBA0AB}.Release|x64.ActiveCfg = Release|Any CPU
		{5A6372FE-AD6E-40B3-850B-1AFA76CBA0AB}.Release|x64.Build.0 = Release|Any CPU
		{5A6372FE-AD6E-40B3-850B-1AFA76CBA0AB}.Release|x86.ActiveCfg = Release|Any CPU
		{5A6372FE-AD6E-40B3-850B-1AFA76CBA0AB}.Release|x86.Build.0 = Release|Any CPU
		{C97EC935-CF90-4073-B30F-65344388D912}.Debug|Any CPU.ActiveCfg = Debug|Any CPU
		{C97EC935-CF90-4073-B30F-65344388D912}.Debug|Any CPU.Build.0 = Debug|Any CPU
		{C97EC935-CF90-4073-B30F-65344388D912}.Debug|x64.ActiveCfg = Debug|Any CPU
		{C97EC935-CF90-4073-B30F-65344388D912}.Debug|x64.Build.0 = Debug|Any CPU
		{C97EC935-CF90-4073-B30F-65344388D912}.Debug|x86.ActiveCfg = Debug|Any CPU
		{C97EC935-CF90-4073-B30F-65344388D912}.Debug|x86.Build.0 = Debug|Any CPU
		{C97EC935-CF90-4073-B30F-65344388D912}.Release|Any CPU.ActiveCfg = Release|Any CPU
		{C97EC935-CF90-4073-B30F-65344388D912}.Release|Any CPU.Build.0 = Release|Any CPU
		{C97EC935-CF90-4073-B30F-65344388D912}.Release|x64.ActiveCfg = Release|Any CPU
		{C97EC935-CF90-4073-B30F-65344388D912}.Release|x64.Build.0 = Release|Any CPU
		{C97EC935-CF90-4073-B30F-65344388D912}.Release|x86.ActiveCfg = Release|Any CPU
		{C97EC935-CF90-4073-B30F-65344388D912}.Release|x86.Build.0 = Release|Any CPU
		{B77FAF2E-EB88-456B-9459-18B5DCD2830C}.Debug|Any CPU.ActiveCfg = Debug|Any CPU
		{B77FAF2E-EB88-456B-9459-18B5DCD2830C}.Debug|Any CPU.Build.0 = Debug|Any CPU
		{B77FAF2E-EB88-456B-9459-18B5DCD2830C}.Debug|x64.ActiveCfg = Debug|Any CPU
		{B77FAF2E-EB88-456B-9459-18B5DCD2830C}.Debug|x64.Build.0 = Debug|Any CPU
		{B77FAF2E-EB88-456B-9459-18B5DCD2830C}.Debug|x86.ActiveCfg = Debug|Any CPU
		{B77FAF2E-EB88-456B-9459-18B5DCD2830C}.Debug|x86.Build.0 = Debug|Any CPU
		{B77FAF2E-EB88-456B-9459-18B5DCD2830C}.Release|Any CPU.ActiveCfg = Release|Any CPU
		{B77FAF2E-EB88-456B-9459-18B5DCD2830C}.Release|Any CPU.Build.0 = Release|Any CPU
		{B77FAF2E-EB88-456B-9459-18B5DCD2830C}.Release|x64.ActiveCfg = Release|Any CPU
		{B77FAF2E-EB88-456B-9459-18B5DCD2830C}.Release|x64.Build.0 = Release|Any CPU
		{B77FAF2E-EB88-456B-9459-18B5DCD2830C}.Release|x86.ActiveCfg = Release|Any CPU
		{B77FAF2E-EB88-456B-9459-18B5DCD2830C}.Release|x86.Build.0 = Release|Any CPU
	EndGlobalSection
	GlobalSection(SolutionProperties) = preSolution
		HideSolutionNode = FALSE
	EndGlobalSection
	GlobalSection(ExtensibilityGlobals) = postSolution
		SolutionGuid = {B6C26A51-2A6D-4BE5-AD00-A0C8EADC4DBC}
	EndGlobalSection
EndGlobal
