
Microsoft Visual Studio Solution File, Format Version 12.00
# Visual Studio Version 16
VisualStudioVersion = 16.0.30413.136
MinimumVisualStudioVersion = 10.0.40219.1
Project("{8BC9CEB8-8B4A-11D0-8D11-00A0C91BC942}") = "LearningCpp", "LearningCpp\LearningCpp.vcxproj", "{A48AF8A2-FD6D-4382-912D-299226C16572}"
EndProject
Project("{8BC9CEB8-8B4A-11D0-8D11-00A0C91BC942}") = "ImageStudio", "ImageStudio\ImageStudio.vcxproj", "{7952B100-3CDE-4A2B-A7BC-F89AA38A6F18}"
EndProject
Project("{8BC9CEB8-8B4A-11D0-8D11-00A0C91BC942}") = "LearningBoost", "LearningBoost\LearningBoost.vcxproj", "{4FD937D7-98EF-46BE-9F62-5B17EB5AA843}"
EndProject
Global
	GlobalSection(SolutionConfigurationPlatforms) = preSolution
		Debug|x64 = Debug|x64
		Debug|x86 = Debug|x86
		Release|x64 = Release|x64
		Release|x86 = Release|x86
	EndGlobalSection
	GlobalSection(ProjectConfigurationPlatforms) = postSolution
		{A48AF8A2-FD6D-4382-912D-299226C16572}.Debug|x64.ActiveCfg = Debug|x64
		{A48AF8A2-FD6D-4382-912D-299226C16572}.Debug|x64.Build.0 = Debug|x64
		{A48AF8A2-FD6D-4382-912D-299226C16572}.Debug|x86.ActiveCfg = Debug|Win32
		{A48AF8A2-FD6D-4382-912D-299226C16572}.Debug|x86.Build.0 = Debug|Win32
		{A48AF8A2-FD6D-4382-912D-299226C16572}.Release|x64.ActiveCfg = Release|x64
		{A48AF8A2-FD6D-4382-912D-299226C16572}.Release|x64.Build.0 = Release|x64
		{A48AF8A2-FD6D-4382-912D-299226C16572}.Release|x86.ActiveCfg = Release|Win32
		{A48AF8A2-FD6D-4382-912D-299226C16572}.Release|x86.Build.0 = Release|Win32
		{7952B100-3CDE-4A2B-A7BC-F89AA38A6F18}.Debug|x64.ActiveCfg = Debug|x64
		{7952B100-3CDE-4A2B-A7BC-F89AA38A6F18}.Debug|x64.Build.0 = Debug|x64
		{7952B100-3CDE-4A2B-A7BC-F89AA38A6F18}.Debug|x86.ActiveCfg = Debug|Win32
		{7952B100-3CDE-4A2B-A7BC-F89AA38A6F18}.Debug|x86.Build.0 = Debug|Win32
		{7952B100-3CDE-4A2B-A7BC-F89AA38A6F18}.Release|x64.ActiveCfg = Release|x64
		{7952B100-3CDE-4A2B-A7BC-F89AA38A6F18}.Release|x64.Build.0 = Release|x64
		{7952B100-3CDE-4A2B-A7BC-F89AA38A6F18}.Release|x86.ActiveCfg = Release|Win32
		{7952B100-3CDE-4A2B-A7BC-F89AA38A6F18}.Release|x86.Build.0 = Release|Win32
		{4FD937D7-98EF-46BE-9F62-5B17EB5AA843}.Debug|x64.ActiveCfg = Debug|x64
		{4FD937D7-98EF-46BE-9F62-5B17EB5AA843}.Debug|x64.Build.0 = Debug|x64
		{4FD937D7-98EF-46BE-9F62-5B17EB5AA843}.Debug|x86.ActiveCfg = Debug|Win32
		{4FD937D7-98EF-46BE-9F62-5B17EB5AA843}.Debug|x86.Build.0 = Debug|Win32
		{4FD937D7-98EF-46BE-9F62-5B17EB5AA843}.Release|x64.ActiveCfg = Release|x64
		{4FD937D7-98EF-46BE-9F62-5B17EB5AA843}.Release|x64.Build.0 = Release|x64
		{4FD937D7-98EF-46BE-9F62-5B17EB5AA843}.Release|x86.ActiveCfg = Release|Win32
		{4FD937D7-98EF-46BE-9F62-5B17EB5AA843}.Release|x86.Build.0 = Release|Win32
	EndGlobalSection
	GlobalSection(SolutionProperties) = preSolution
		HideSolutionNode = FALSE
	EndGlobalSection
	GlobalSection(ExtensibilityGlobals) = postSolution
		SolutionGuid = {B6C26A51-2A6D-4BE5-AD00-A0C8EADC4DBC}
	EndGlobalSection
EndGlobal
