<?xml version="1.0" encoding="utf-8"?>
<Project ToolsVersion="4.0" xmlns="http://schemas.microsoft.com/developer/msbuild/2003">
  <ItemGroup>
    <Filter Include="Source Files">
      <UniqueIdentifier>{4FC737F1-C7A5-4376-A066-2A32D752A2FF}</UniqueIdentifier>
      <Extensions>cpp;c;cc;cxx;c++;cppm;ixx;def;odl;idl;hpj;bat;asm;asmx</Extensions>
    </Filter>
    <Filter Include="Header Files">
      <UniqueIdentifier>{93995380-89BD-4b04-88EB-625FBE52EBFB}</UniqueIdentifier>
      <Extensions>h;hh;hpp;hxx;h++;hm;inl;inc;ipp;xsd</Extensions>
    </Filter>
    <Filter Include="Resource Files">
      <UniqueIdentifier>{67DA6AB6-F800-4c08-8B7A-83BB121AAD01}</UniqueIdentifier>
      <Extensions>rc;ico;cur;bmp;dlg;rc2;rct;bin;rgs;gif;jpg;jpeg;jpe;resx;tiff;tif;png;wav;mfcribbon-ms</Extensions>
    </Filter>
    <Filter Include="lang">
      <UniqueIdentifier>{b1b735ee-3d6d-42e7-b222-dc66683a1b68}</UniqueIdentifier>
    </Filter>
  </ItemGroup>
  <ItemGroup>
    <ClCompile Include="LearningCpp.cpp">
      <Filter>Source Files</Filter>
    </ClCompile>
    <ClCompile Include="Cpp17.cpp">
      <Filter>Source Files</Filter>
    </ClCompile>
    <ClCompile Include="ThreadWrapper.cpp">
      <Filter>Source Files</Filter>
    </ClCompile>
    <ClCompile Include="STLCookbookDemos.cpp">
      <Filter>Source Files</Filter>
    </ClCompile>
    <ClCompile Include="STLContainersDemo.cpp">
      <Filter>Source Files</Filter>
    </ClCompile>
    <ClCompile Include="ThreadDemo.cpp">
      <Filter>Source Files</Filter>
    </ClCompile>
    <ClCompile Include="SmartPointerDemo.cpp">
      <Filter>Source Files</Filter>
    </ClCompile>
    <ClCompile Include="CppGrammer.cpp">
      <Filter>Source Files</Filter>
    </ClCompile>
    <ClCompile Include="inlinethreadlocal1.cpp">
      <Filter>Source Files</Filter>
    </ClCompile>
    <ClCompile Include="inlinethreadlocal2.cpp">
      <Filter>Header Files</Filter>
    </ClCompile>
    <ClCompile Include="lambdathis.cpp">
      <Filter>Source Files</Filter>
    </ClCompile>
    <ClCompile Include="Cpp20.cpp">
      <Filter>Source Files</Filter>
    </ClCompile>
    <ClCompile Include="list0102.cpp">
      <Filter>Source Files</Filter>
    </ClCompile>
    <ClCompile Include="SquareModule.ixx">
      <Filter>lang</Filter>
    </ClCompile>
    <ClCompile Include="ModReach.ixx">
      <Filter>lang</Filter>
    </ClCompile>
    <ClCompile Include="ModReachTest.cpp">
      <Filter>lang</Filter>
    </ClCompile>
    <ClCompile Include="mod1.ixx">
      <Filter>lang</Filter>
    </ClCompile>
    <ClCompile Include="mod1price.cpp">
      <Filter>lang</Filter>
    </ClCompile>
    <ClCompile Include="mod1io.cpp">
      <Filter>lang</Filter>
    </ClCompile>
    <ClCompile Include="testMod1.cpp">
      <Filter>lang</Filter>
    </ClCompile>
    <ClCompile Include="mod2order.ixx">
      <Filter>lang</Filter>
    </ClCompile>
    <ClCompile Include="mod2.ixx">
      <Filter>lang</Filter>
    </ClCompile>
    <ClCompile Include="mod3customer.ixx">
      <Filter>lang</Filter>
    </ClCompile>
    <ClCompile Include="mod3.ixx">
      <Filter>lang</Filter>
    </ClCompile>
    <ClCompile Include="mod3order.ixx">
      <Filter>lang</Filter>
    </ClCompile>
    <ClCompile Include="mod3io.cpp">
      <Filter>lang</Filter>
    </ClCompile>
    <ClCompile Include="mod3price.cpp">
      <Filter>lang</Filter>
    </ClCompile>
    <ClCompile Include="testMod3.cpp">
      <Filter>lang</Filter>
    </ClCompile>
    <ClCompile Include="coro.cpp">
      <Filter>lang</Filter>
    </ClCompile>
    <ClCompile Include="testjthread.cpp">
      <Filter>lang</Filter>
    </ClCompile>
    <ClCompile Include="latch.cpp">
      <Filter>lang</Filter>
    </ClCompile>
    <ClCompile Include="latchready.cpp">
      <Filter>lang</Filter>
    </ClCompile>
    <ClCompile Include="barrier.cpp">
      <Filter>lang</Filter>
    </ClCompile>
    <ClCompile Include="semaphore.cpp">
      <Filter>lang</Filter>
    </ClCompile>
    <ClCompile Include="semaphorenotify.cpp">
      <Filter>lang</Filter>
    </ClCompile>
    <ClCompile Include="atomicref.cpp">
      <Filter>lang</Filter>
    </ClCompile>
    <ClCompile Include="atomicshared.cpp">
      <Filter>lang</Filter>
    </ClCompile>
    <ClCompile Include="atomicweak.cpp">
      <Filter>lang</Filter>
    </ClCompile>
    <ClCompile Include="atomicwait.cpp">
      <Filter>lang</Filter>
    </ClCompile>
  </ItemGroup>
  <ItemGroup>
    <ClInclude Include="LearningCpp.h">
      <Filter>Header Files</Filter>
    </ClInclude>
    <ClInclude Include="Cpp17.h">
      <Filter>Header Files</Filter>
    </ClInclude>
    <ClInclude Include="ThreadWrapper.h">
      <Filter>Header Files</Filter>
    </ClInclude>
    <ClInclude Include="STLCookbookDemos.h">
      <Filter>Header Files</Filter>
    </ClInclude>
    <ClInclude Include="STLContainersDemo.h">
      <Filter>Header Files</Filter>
    </ClInclude>
    <ClInclude Include="ThreadDemo.h">
      <Filter>Header Files</Filter>
    </ClInclude>
    <ClInclude Include="SmartPointerDemo.h">
      <Filter>Header Files</Filter>
    </ClInclude>
    <ClInclude Include="CppGrammer.h">
      <Filter>Header Files</Filter>
    </ClInclude>
    <ClInclude Include="inlinethreadlocal.h">
      <Filter>Header Files</Filter>
    </ClInclude>
    <ClInclude Include="factory.h">
      <Filter>Header Files</Filter>
    </ClInclude>
    <ClInclude Include="lambdathis.h">
      <Filter>Header Files</Filter>
    </ClInclude>
    <ClInclude Include="Cpp20.h">
      <Filter>Header Files</Filter>
    </ClInclude>
    <ClInclude Include="overload.h">
      <Filter>Header Files</Filter>
    </ClInclude>
    <ClInclude Include="tracknew.h">
      <Filter>Header Files</Filter>
    </ClInclude>
    <ClInclude Include="trie.h">
      <Filter>Header Files</Filter>
    </ClInclude>
    <ClInclude Include="testlang.h">
      <Filter>lang</Filter>
    </ClInclude>
    <ClInclude Include="corotask.h">
      <Filter>lang</Filter>
    </ClInclude>
    <ClInclude Include="coropromise.h">
      <Filter>lang</Filter>
    </ClInclude>
    <ClInclude Include="coro.h">
      <Filter>lang</Filter>
    </ClInclude>
    <ClInclude Include="corotask1.h">
      <Filter>lang</Filter>
    </ClInclude>
    <ClInclude Include="intgen.h">
      <Filter>lang</Filter>
    </ClInclude>
    <ClInclude Include="intrange.h">
      <Filter>lang</Filter>
    </ClInclude>
    <ClInclude Include="stringtask.h">
      <Filter>lang</Filter>
    </ClInclude>
  </ItemGroup>
</Project>